<?xml version="1.0" encoding="utf-8"?>
<Project ToolsVersion="4.0" xmlns="http://schemas.microsoft.com/developer/msbuild/2003">
  <ItemGroup>
    <ClCompile Include="Queue.cpp" />
    <ClCompile Include="StringShuffle.cpp" />
  </ItemGroup>
  <ItemGroup>
    <ClInclude Include="ADT.h" />
    <ClInclude Include="Dictionary.h" />
    <ClInclude Include="DList.h" />
    <ClInclude Include="Matrix.h" />
    <ClInclude Include="Queue.h" />
    <ClInclude Include="SList.h" />
    <ClInclude Include="Stack.h" />
    <ClInclude Include="StringShuffle.h" />
  </ItemGroup>
  <ItemGroup>
    <Text Include="ReadMe.txt" />
  </ItemGroup>
</Project>